
Microsoft Visual Studio Solution File, Format Version 12.00
# Visual Studio Version 17
VisualStudioVersion = 17.3.32825.248
MinimumVisualStudioVersion = 10.0.40219.1
Project("{8BC9CEB8-8B4A-11D0-8D11-00A0C91BC942}") = "Setup", "Setup\Setup.vcxproj", "{01C053F5-811F-4581-A1A1-55BB99793453}"
EndProject
Global
	GlobalSection(SolutionConfigurationPlatforms) = preSolution
		Debug|x64 = Debug|x64
		Debug|x86 = Debug|x86
		Release|x64 = Release|x64
		Release|x86 = Release|x86
	EndGlobalSection
	GlobalSection(ProjectConfigurationPlatforms) = postSolution
		{01C053F5-811F-4581-A1A1-55BB99793453}.Debug|x64.ActiveCfg = Debug|x64
		{01C053F5-811F-4581-A1A1-55BB99793453}.Debug|x64.Build.0 = Debug|x64
		{01C053F5-811F-4581-A1A1-55BB99793453}.Debug|x86.ActiveCfg = Debug|Win32
		{01C053F5-811F-4581-A1A1-55BB99793453}.Debug|x86.Build.0 = Debug|Win32
		{01C053F5-811F-4581-A1A1-55BB99793453}.Release|x64.ActiveCfg = Release|x64
		{01C053F5-811F-4581-A1A1-55BB99793453}.Release|x64.Build.0 = Release|x64
		{01C053F5-811F-4581-A1A1-55BB99793453}.Release|x86.ActiveCfg = Release|Win32
		{01C053F5-811F-4581-A1A1-55BB99793453}.Release|x86.Build.0 = Release|Win32
	EndGlobalSection
	GlobalSection(SolutionProperties) = preSolution
		HideSolutionNode = FALSE
	EndGlobalSection
	GlobalSection(ExtensibilityGlobals) = postSolution
		SolutionGuid = {AF6D201C-6978-4FEC-B57D-2750C5A9848B}
	EndGlobalSection
EndGlobal
